dependencies:
- name: postgresql
  repository: https://charts.bitnami.com/bitnami
  version: 9.3.3
- name: rabbitmq
  repository: https://charts.bitnami.com/bitnami
  version: 7.6.4
- name: redis
  repository: https://charts.bitnami.com/bitnami
  version: 10.7.17
- name: siridb
  repository: https://fastlorenzo.github.io/unms-chart
  version: 0.1.3
- name: unms-crm
  repository: https://fastlorenzo.github.io/unms-chart
  version: 0.1.3
digest: sha256:0be24c513147f454dbebe942fdab0ef792557ea3e203ed7015362e5fed107743
generated: "2020-08-31T19:08:21.1953011+02:00"
