dependencies:
- name: postgresql
  repository: https://charts.bitnami.com/bitnami
  version: 9.3.4
- name: rabbitmq
  repository: https://charts.bitnami.com/bitnami
  version: 7.6.5
- name: redis
  repository: https://charts.bitnami.com/bitnami
  version: 10.7.17
- name: siridb
  repository: https://fastlorenzo.github.io/unms-chart
  version: 0.1.4
- name: unms-crm
  repository: https://fastlorenzo.github.io/unms-chart
  version: 0.1.5
- name: unms-nginx
  repository: https://fastlorenzo.github.io/unms-chart
  version: 0.1.1
digest: sha256:9338e238cc38804bed98430ae4b7b2df6b42f65ec093ef78e894a66d018ce40d
generated: "2020-09-06T22:22:02.4535882+02:00"
