dependencies:
- name: postgresql
  repository: https://charts.bitnami.com/bitnami
  version: 9.3.3
- name: rabbitmq
  repository: https://charts.bitnami.com/bitnami
  version: 7.6.4
- name: redis
  repository: https://charts.bitnami.com/bitnami
  version: 10.7.17
- name: siridb
  repository: https://fastlorenzo.github.io/unms-chart
  version: 0.1.0
digest: sha256:a070ae8e33487bfe415f3513c5d58f8c29114bca5afc0b68f27f5253606825c3
generated: "2020-08-30T20:54:17.8423904+02:00"
